
Microsoft Visual Studio Solution File, Format Version 11.00
# Visual Studio 2010
Project("{8BC9CEB8-8B4A-11D0-8D11-00A0C91BC942}") = "temp", "temp.vcxproj", "{DB6FFA95-05BB-447F-B685-65C0AF4B9E21}"
EndProject
Project("{8BC9CEB8-8B4A-11D0-8D11-00A0C91BC942}") = "temp_xp", "temp_xp\temp_xp.vcxproj", "{F145A1D9-5D73-4749-AF59-C7E99B2D41D9}"
EndProject
Global
	GlobalSection(SolutionConfigurationPlatforms) = preSolution
		Debug|Emscripten = Debug|Emscripten
		Debug|Win32 = Debug|Win32
		Release|Emscripten = Release|Emscripten
		Release|Win32 = Release|Win32
	EndGlobalSection
	GlobalSection(ProjectConfigurationPlatforms) = postSolution
		{DB6FFA95-05BB-447F-B685-65C0AF4B9E21}.Debug|Emscripten.ActiveCfg = Debug|Emscripten
		{DB6FFA95-05BB-447F-B685-65C0AF4B9E21}.Debug|Emscripten.Build.0 = Debug|Emscripten
		{DB6FFA95-05BB-447F-B685-65C0AF4B9E21}.Debug|Win32.ActiveCfg = Debug|Win32
		{DB6FFA95-05BB-447F-B685-65C0AF4B9E21}.Debug|Win32.Build.0 = Debug|Win32
		{DB6FFA95-05BB-447F-B685-65C0AF4B9E21}.Release|Emscripten.ActiveCfg = Release|Emscripten
		{DB6FFA95-05BB-447F-B685-65C0AF4B9E21}.Release|Emscripten.Build.0 = Release|Emscripten
		{DB6FFA95-05BB-447F-B685-65C0AF4B9E21}.Release|Win32.ActiveCfg = Release|Win32
		{DB6FFA95-05BB-447F-B685-65C0AF4B9E21}.Release|Win32.Build.0 = Release|Win32
		{F145A1D9-5D73-4749-AF59-C7E99B2D41D9}.Debug|Emscripten.ActiveCfg = Debug|Emscripten
		{F145A1D9-5D73-4749-AF59-C7E99B2D41D9}.Debug|Win32.ActiveCfg = Debug|Win32
		{F145A1D9-5D73-4749-AF59-C7E99B2D41D9}.Debug|Win32.Build.0 = Debug|Win32
		{F145A1D9-5D73-4749-AF59-C7E99B2D41D9}.Release|Emscripten.ActiveCfg = Release|Emscripten
		{F145A1D9-5D73-4749-AF59-C7E99B2D41D9}.Release|Win32.ActiveCfg = Release|Win32
		{F145A1D9-5D73-4749-AF59-C7E99B2D41D9}.Release|Win32.Build.0 = Release|Win32
	EndGlobalSection
	GlobalSection(SolutionProperties) = preSolution
		HideSolutionNode = FALSE
	EndGlobalSection
EndGlobal
